# THIS IS AN AUTOGENERATED FILE. DO NOT EDIT THIS FILE DIRECTLY.
# yarn lockfile v1


"@hotwired/stimulus@^3.0.1":
  version "3.0.1"
  resolved "https://registry.yarnpkg.com/@hotwired/stimulus/-/stimulus-3.0.1.tgz#141f15645acaa3b133b7c247cad58ae252ffae85"
  integrity sha512-oHsJhgY2cip+K2ED7vKUNd2P+BEswVhrCYcJ802DSsblJFv7mPFVk3cQKvm2vHgHeDVdnj7oOKrBbzp1u8D+KA==

"@hotwired/turbo-rails@^7.1.1":
  version "7.1.1"
  resolved "https://registry.yarnpkg.com/@hotwired/turbo-rails/-/turbo-rails-7.1.1.tgz#35c03b92b5c86f0137ed08bef843d955ec9bbe83"
  integrity sha512-ZXpxUjCfkdbuXfoGrsFK80qsVzACs8xCfie9rt2jMTSN6o1olXVA0Nrk8u02yNEwSiVJm/4QSOa8cUcMj6VQjg==
  dependencies:
    "@hotwired/turbo" "^7.1.0"
    "@rails/actioncable" "^7.0"

"@hotwired/turbo@^7.1.0":
  version "7.1.0"
  resolved "https://registry.npmjs.org/@hotwired/turbo/-/turbo-7.1.0.tgz"
  integrity sha512-Q8kGjqwPqER+CtpQudbH+3Zgs2X4zb6pBAlr6NsKTXadg45pAOvxI9i4QpuHbwSzR2+x87HUm+rot9F/Pe8rxA==

"@popperjs/core@^2.11.0":
  version "2.11.0"
  resolved "https://registry.npmjs.org/@popperjs/core/-/core-2.11.0.tgz"
  integrity sha512-zrsUxjLOKAzdewIDRWy9nsV1GQsKBCWaGwsZQlCgr6/q+vjyZhFgqedLfFBuI9anTPEUT4APq9Mu0SZBTzIcGQ==

"@rails/actioncable@^7.0":
  version "7.0.1"
  resolved "https://registry.yarnpkg.com/@rails/actioncable/-/actioncable-7.0.1.tgz#8f383b672e142d009f89b725d49b0832d99da74a"
  integrity sha512-lbGc1z2RXdiWZJE/8o2GSe2gek82EoKd2YvjRrqV//0J3/JImONUYwZ2XPmS1R9R2oth1XlIG0YidqdeTty0TA==

"@rails/actiontext@^7.0.0":
  version "7.0.0"
  resolved "https://registry.npmjs.org/@rails/actiontext/-/actiontext-7.0.0.tgz"
  integrity sha512-GNaSCxAASIZR+XfEYcmrVbGoKfx4IY254oEyDsx4lLFuhk+pUkDXy6D6R1eoBaGSEY0H3SNR9G+Q75j9+wl+zw==
  dependencies:
    "@rails/activestorage" ">= 7.0.0-alpha1"

"@rails/activestorage@>= 7.0.0-alpha1":
  version "7.0.0"
  resolved "https://registry.npmjs.org/@rails/activestorage/-/activestorage-7.0.0.tgz"
  integrity sha512-9tE4P15DMgLhx/ILqvztepvu0YwtAyoYH1k25CrkkWphLNfu3HNbncfRgsJxmd9t8rMhZh8ZDEQchYrjuOL3hg==
  dependencies:
    spark-md5 "^3.0.1"

"@rails/ujs@^7.0.1":
  version "7.0.1"
  resolved "https://registry.yarnpkg.com/@rails/ujs/-/ujs-7.0.1.tgz#cb515d52c85be107908dd00822042f04e52cdea7"
  integrity sha512-ZUkgsbz5KFLfBwjIQ2D/kvyq+2w5BuNnkUJf3940VVJxov9GECu6n2BSXUTmyNAx+R6JQdibzXBuR7nz3crZYw==

anymatch@~3.1.2:
  version "3.1.2"
  resolved "https://registry.npmjs.org/anymatch/-/anymatch-3.1.2.tgz"
  integrity sha512-P43ePfOAIupkguHUycrc4qJ9kz8ZiuOUijaETwX7THt0Y/GNK7v0aa8rY816xWjZ7rJdA5XdMcpVFTKMq+RvWg==
  dependencies:
    normalize-path "^3.0.0"
    picomatch "^2.0.4"

binary-extensions@^2.0.0:
  version "2.2.0"
  resolved "https://registry.npmjs.org/binary-extensions/-/binary-extensions-2.2.0.tgz"
  integrity sha512-jDctJ/IVQbZoJykoeHbhXpOlNBqGNcwXJKJog42E5HDPUwQTSdjCHdihjj0DlnheQ7blbT6dHOafNAiS8ooQKA==

bootstrap-icons@^1.7.2:
  version "1.7.2"
  resolved "https://registry.npmjs.org/bootstrap-icons/-/bootstrap-icons-1.7.2.tgz"
  integrity sha512-NiR2PqC73AQOPdVSu6GJfnk+hN2z6powcistXk1JgPnKuoV2FSdSl26w931Oz9HYbKCcKUSB6ncZTYJAYJl3QQ==

bootstrap@^5.1.3:
  version "5.1.3"
  resolved "https://registry.npmjs.org/bootstrap/-/bootstrap-5.1.3.tgz"
  integrity sha512-fcQztozJ8jToQWXxVuEyXWW+dSo8AiXWKwiSSrKWsRB/Qt+Ewwza+JWoLKiTuQLaEPhdNAJ7+Dosc9DOIqNy7Q==

braces@~3.0.2:
  version "3.0.2"
  resolved "https://registry.npmjs.org/braces/-/braces-3.0.2.tgz"
  integrity sha512-b8um+L1RzM3WDSzvhm6gIz1yfTbBt6YTlcEKAvsmqCZZFw46z626lVj9j1yEPW33H5H+lBQpZMP1k8l+78Ha0A==
  dependencies:
    fill-range "^7.0.1"

"chokidar@>=3.0.0 <4.0.0":
  version "3.5.2"
  resolved "https://registry.npmjs.org/chokidar/-/chokidar-3.5.2.tgz"
  integrity sha512-ekGhOnNVPgT77r4K/U3GDhu+FQ2S8TnK/s2KbIGXi0SZWuwkZ2QNyfWdZW+TVfn84DpEP7rLeCt2UI6bJ8GwbQ==
  dependencies:
    anymatch "~3.1.2"
    braces "~3.0.2"
    glob-parent "~5.1.2"
    is-binary-path "~2.1.0"
    is-glob "~4.0.1"
    normalize-path "~3.0.0"
    readdirp "~3.6.0"
  optionalDependencies:
    fsevents "~2.3.2"

esbuild-android-arm64@0.14.7:
  version "0.14.7"
  resolved "https://registry.yarnpkg.com/esbuild-android-arm64/-/esbuild-android-arm64-0.14.7.tgz#8c78cbb617f9f216abfb5a84cca453b51421a1b6"
  integrity sha512-9/Q1NC4JErvsXzJKti0NHt+vzKjZOgPIjX/e6kkuCzgfT/GcO3FVBcGIv4HeJG7oMznE6KyKhvLrFgt7CdU2/w==

esbuild-darwin-64@0.14.7:
  version "0.14.7"
  resolved "https://registry.yarnpkg.com/esbuild-darwin-64/-/esbuild-darwin-64-0.14.7.tgz#7424bdb64c104556d36b7429af79ab51415ab8f4"
  integrity sha512-Z9X+3TT/Xj+JiZTVlwHj2P+8GoiSmUnGVz0YZTSt8WTbW3UKw5Pw2ucuJ8VzbD2FPy0jbIKJkko/6CMTQchShQ==

esbuild-darwin-arm64@0.14.7:
  version "0.14.7"
  resolved "https://registry.npmjs.org/esbuild-darwin-arm64/-/esbuild-darwin-arm64-0.14.7.tgz"
  integrity sha512-68e7COhmwIiLXBEyxUxZSSU0akgv8t3e50e2QOtKdBUE0F6KIRISzFntLe2rYlNqSsjGWsIO6CCc9tQxijjSkw==

esbuild-freebsd-64@0.14.7:
  version "0.14.7"
  resolved "https://registry.yarnpkg.com/esbuild-freebsd-64/-/esbuild-freebsd-64-0.14.7.tgz#e7281e50522e724c4da502504dcd75be0db46c94"
  integrity sha512-76zy5jAjPiXX/S3UvRgG85Bb0wy0zv/J2lel3KtHi4V7GUTBfhNUPt0E5bpSXJ6yMT7iThhnA5rOn+IJiUcslQ==

esbuild-freebsd-arm64@0.14.7:
  version "0.14.7"
  resolved "https://registry.yarnpkg.com/esbuild-freebsd-arm64/-/esbuild-freebsd-arm64-0.14.7.tgz#31e513098efd181d76a3ba3ea285836d37f018a3"
  integrity sha512-lSlYNLiqyzd7qCN5CEOmLxn7MhnGHPcu5KuUYOG1i+t5A6q7LgBmfYC9ZHJBoYyow3u4CNu79AWHbvVLpE/VQQ==

esbuild-linux-32@0.14.7:
  version "0.14.7"
  resolved "https://registry.yarnpkg.com/esbuild-linux-32/-/esbuild-linux-32-0.14.7.tgz#82cf96accbf55d3007c3338dc3b3144efa9ae108"
  integrity sha512-Vk28u409wVOXqTaT6ek0TnfQG4Ty1aWWfiysIaIRERkNLhzLhUf4i+qJBN8mMuGTYOkE40F0Wkbp6m+IidOp2A==

esbuild-linux-64@0.14.7:
  version "0.14.7"
  resolved "https://registry.yarnpkg.com/esbuild-linux-64/-/esbuild-linux-64-0.14.7.tgz#67bdfe23a6ca918a0bb8e9558a3ee0fdf98c0bc0"
  integrity sha512-+Lvz6x+8OkRk3K2RtZwO+0a92jy9si9cUea5Zoru4yJ/6EQm9ENX5seZE0X9DTwk1dxJbjmLsJsd3IoowyzgVg==

esbuild-linux-arm64@0.14.7:
  version "0.14.7"
  resolved "https://registry.yarnpkg.com/esbuild-linux-arm64/-/esbuild-linux-arm64-0.14.7.tgz#f79c69ff0c176559c418de8e59aa3cf388fff992"
  integrity sha512-kJd5beWSqteSAW086qzCEsH6uwpi7QRIpzYWHzEYwKKu9DiG1TwIBegQJmLpPsLp4v5RAFjea0JAmAtpGtRpqg==

esbuild-linux-arm@0.14.7:
  version "0.14.7"
  resolved "https://registry.yarnpkg.com/esbuild-linux-arm/-/esbuild-linux-arm-0.14.7.tgz#3d665b35e1c27dbe1c9deb8bf956d7d1f191a21b"
  integrity sha512-OzpXEBogbYdcBqE4uKynuSn5YSetCvK03Qv1HcOY1VN6HmReuatjJ21dCH+YPHSpMEF0afVCnNfffvsGEkxGJQ==

esbuild-linux-mips64le@0.14.7:
  version "0.14.7"
  resolved "https://registry.yarnpkg.com/esbuild-linux-mips64le/-/esbuild-linux-mips64le-0.14.7.tgz#226114a0cc6649ba0ffd3428118a8f622872f16d"
  integrity sha512-mFWpnDhZJmj/h7pxqn1GGDsKwRfqtV7fx6kTF5pr4PfXe8pIaTERpwcKkoCwZUkWAOmUEjMIUAvFM72A6hMZnA==

esbuild-linux-ppc64le@0.14.7:
  version "0.14.7"
  resolved "https://registry.yarnpkg.com/esbuild-linux-ppc64le/-/esbuild-linux-ppc64le-0.14.7.tgz#5c67ae56517f2644d567b2ca5ecb97f9520cfc49"
  integrity sha512-wM7f4M0bsQXfDL4JbbYD0wsr8cC8KaQ3RPWc/fV27KdErPW7YsqshZZSjDV0kbhzwpNNdhLItfbaRT8OE8OaKA==

esbuild-netbsd-64@0.14.7:
  version "0.14.7"
  resolved "https://registry.yarnpkg.com/esbuild-netbsd-64/-/esbuild-netbsd-64-0.14.7.tgz#69dc0469ea089013956d8c6aa71c9e7fc25fc567"
  integrity sha512-J/afS7woKyzGgAL5FlgvMyqgt5wQ597lgsT+xc2yJ9/7BIyezeXutXqfh05vszy2k3kSvhLesugsxIA71WsqBw==

esbuild-openbsd-64@0.14.7:
  version "0.14.7"
  resolved "https://registry.yarnpkg.com/esbuild-openbsd-64/-/esbuild-openbsd-64-0.14.7.tgz#3a9d04ecf820708e2e5b7d26fa7332e3f19f6b6c"
  integrity sha512-7CcxgdlCD+zAPyveKoznbgr3i0Wnh0L8BDGRCjE/5UGkm5P/NQko51tuIDaYof8zbmXjjl0OIt9lSo4W7I8mrw==

esbuild-sunos-64@0.14.7:
  version "0.14.7"
  resolved "https://registry.yarnpkg.com/esbuild-sunos-64/-/esbuild-sunos-64-0.14.7.tgz#7c33a682f0fd9565cae7df165d0e8736b7b62623"
  integrity sha512-GKCafP2j/KUljVC3nesw1wLFSZktb2FGCmoT1+730zIF5O6hNroo0bSEofm6ZK5mNPnLiSaiLyRB9YFgtkd5Xg==

esbuild-windows-32@0.14.7:
  version "0.14.7"
  resolved "https://registry.yarnpkg.com/esbuild-windows-32/-/esbuild-windows-32-0.14.7.tgz#24ec706a5f25b4499048f56146bcff0ed3839dce"
  integrity sha512-5I1GeL/gZoUUdTPA0ws54bpYdtyeA2t6MNISalsHpY269zK8Jia/AXB3ta/KcDHv2SvNwabpImeIPXC/k0YW6A==

esbuild-windows-64@0.14.7:
  version "0.14.7"
  resolved "https://registry.yarnpkg.com/esbuild-windows-64/-/esbuild-windows-64-0.14.7.tgz#dd6d5b5bace93cd7a9174d31fbd727ba21885abf"
  integrity sha512-CIGKCFpQOSlYsLMbxt8JjxxvVw9MlF1Rz2ABLVfFyHUF5OeqHD5fPhGrCVNaVrhO8Xrm+yFmtjcZudUGr5/WYQ==

esbuild-windows-arm64@0.14.7:
  version "0.14.7"
  resolved "https://registry.yarnpkg.com/esbuild-windows-arm64/-/esbuild-windows-arm64-0.14.7.tgz#ecfd9ac289606f26760c4f737caaeeadfff3cfe3"
  integrity sha512-eOs1eSivOqN7cFiRIukEruWhaCf75V0N8P0zP7dh44LIhLl8y6/z++vv9qQVbkBm5/D7M7LfCfCTmt1f1wHOCw==

esbuild@^0.14.7:
  version "0.14.7"
  resolved "https://registry.npmjs.org/esbuild/-/esbuild-0.14.7.tgz"
  integrity sha512-+u/msd6iu+HvfysUPkZ9VHm83LImmSNnecYPfFI01pQ7TTcsFR+V0BkybZX7mPtIaI7LCrse6YRj+v3eraJSgw==
  optionalDependencies:
    esbuild-android-arm64 "0.14.7"
    esbuild-darwin-64 "0.14.7"
    esbuild-darwin-arm64 "0.14.7"
    esbuild-freebsd-64 "0.14.7"
    esbuild-freebsd-arm64 "0.14.7"
    esbuild-linux-32 "0.14.7"
    esbuild-linux-64 "0.14.7"
    esbuild-linux-arm "0.14.7"
    esbuild-linux-arm64 "0.14.7"
    esbuild-linux-mips64le "0.14.7"
    esbuild-linux-ppc64le "0.14.7"
    esbuild-netbsd-64 "0.14.7"
    esbuild-openbsd-64 "0.14.7"
    esbuild-sunos-64 "0.14.7"
    esbuild-windows-32 "0.14.7"
    esbuild-windows-64 "0.14.7"
    esbuild-windows-arm64 "0.14.7"

fill-range@^7.0.1:
  version "7.0.1"
  resolved "https://registry.npmjs.org/fill-range/-/fill-range-7.0.1.tgz"
  integrity sha512-qOo9F+dMUmC2Lcb4BbVvnKJxTPjCm+RRpe4gDuGrzkL7mEVl/djYSu2OdQ2Pa302N4oqkSg9ir6jaLWJ2USVpQ==
  dependencies:
    to-regex-range "^5.0.1"

fsevents@~2.3.2:
  version "2.3.2"
  resolved "https://registry.npmjs.org/fsevents/-/fsevents-2.3.2.tgz"
  integrity sha512-xiqMQR4xAeHTuB9uWm+fFRcIOgKBMiOBP+eXiyT7jsgVCq1bkVygt00oASowB7EdtpOHaaPgKt812P9ab+DDKA==

glob-parent@~5.1.2:
  version "5.1.2"
  resolved "https://registry.npmjs.org/glob-parent/-/glob-parent-5.1.2.tgz"
  integrity sha512-AOIgSQCepiJYwP3ARnGx+5VnTu2HBYdzbGP45eLw1vr3zB3vZLeyed1sC9hnbcOc9/SrMyM5RPQrkGz4aS9Zow==
  dependencies:
    is-glob "^4.0.1"

immutable@^4.0.0:
  version "4.0.0"
  resolved "https://registry.npmjs.org/immutable/-/immutable-4.0.0.tgz"
  integrity sha512-zIE9hX70qew5qTUjSS7wi1iwj/l7+m54KWU247nhM3v806UdGj1yDndXj+IOYxxtW9zyLI+xqFNZjTuDaLUqFw==

is-binary-path@~2.1.0:
  version "2.1.0"
  resolved "https://registry.npmjs.org/is-binary-path/-/is-binary-path-2.1.0.tgz"
  integrity sha512-ZMERYes6pDydyuGidse7OsHxtbI7WVeUEozgR/g7rd0xUimYNlvZRE/K2MgZTjWy725IfelLeVcEM97mmtRGXw==
  dependencies:
    binary-extensions "^2.0.0"

is-extglob@^2.1.1:
  version "2.1.1"
  resolved "https://registry.npmjs.org/is-extglob/-/is-extglob-2.1.1.tgz"
  integrity sha1-qIwCU1eR8C7TfHahueqXc8gz+MI=

is-glob@^4.0.1, is-glob@~4.0.1:
  version "4.0.3"
  resolved "https://registry.npmjs.org/is-glob/-/is-glob-4.0.3.tgz"
  integrity sha512-xelSayHH36ZgE7ZWhli7pW34hNbNl8Ojv5KVmkJD4hBdD3th8Tfk9vYasLM+mXWOZhFkgZfxhLSnrwRr4elSSg==
  dependencies:
    is-extglob "^2.1.1"

is-number@^7.0.0:
  version "7.0.0"
  resolved "https://registry.npmjs.org/is-number/-/is-number-7.0.0.tgz"
  integrity sha512-41Cifkg6e8TylSpdtTpeLVMqvSBEVzTttHvERD741+pnZ8ANv0004MRL43QKPDlK9cGvNp6NZWZUBlbGXYxxng==

normalize-path@^3.0.0, normalize-path@~3.0.0:
  version "3.0.0"
  resolved "https://registry.npmjs.org/normalize-path/-/normalize-path-3.0.0.tgz"
  integrity sha512-6eZs5Ls3WtCisHWp9S2GUy8dqkpGi4BVSz3GaqiE6ezub0512ESztXUwUB6C6IKbQkY2Pnb/mD4WYojCRwcwLA==

picomatch@^2.0.4, picomatch@^2.2.1:
  version "2.3.0"
  resolved "https://registry.npmjs.org/picomatch/-/picomatch-2.3.0.tgz"
  integrity sha512-lY1Q/PiJGC2zOv/z391WOTD+Z02bCgsFfvxoXXf6h7kv9o+WmsmzYqrAwY63sNgOxE4xEdq0WyUnXfKeBrSvYw==

readdirp@~3.6.0:
  version "3.6.0"
  resolved "https://registry.npmjs.org/readdirp/-/readdirp-3.6.0.tgz"
  integrity sha512-hOS089on8RduqdbhvQ5Z37A0ESjsqz6qnRcffsMU3495FuTdqSm+7bhJ29JvIOsBDEEnan5DPu9t3To9VRlMzA==
  dependencies:
    picomatch "^2.2.1"

sass@^1.45.1:
  version "1.45.1"
  resolved "https://registry.npmjs.org/sass/-/sass-1.45.1.tgz"
  integrity sha512-pwPRiq29UR0o4X3fiQyCtrESldXvUQAAE0QmcJTpsI4kuHHcLzZ54M1oNBVIXybQv8QF2zfkpFcTxp8ta97dUA==
  dependencies:
    chokidar ">=3.0.0 <4.0.0"
    immutable "^4.0.0"
    source-map-js ">=0.6.2 <2.0.0"

"source-map-js@>=0.6.2 <2.0.0":
  version "1.0.1"
  resolved "https://registry.npmjs.org/source-map-js/-/source-map-js-1.0.1.tgz"
  integrity sha512-4+TN2b3tqOCd/kaGRJ/sTYA0tR0mdXx26ipdolxcwtJVqEnqNYvlCAt1q3ypy4QMlYus+Zh34RNtYLoq2oQ4IA==

spark-md5@^3.0.1:
  version "3.0.2"
  resolved "https://registry.npmjs.org/spark-md5/-/spark-md5-3.0.2.tgz"
  integrity sha512-wcFzz9cDfbuqe0FZzfi2or1sgyIrsDwmPwfZC4hiNidPdPINjeUwNfv5kldczoEAcjl9Y1L3SM7Uz2PUEQzxQw==

to-regex-range@^5.0.1:
  version "5.0.1"
  resolved "https://registry.npmjs.org/to-regex-range/-/to-regex-range-5.0.1.tgz"
  integrity sha512-65P7iz6X5yEr1cwcgvQxbbIw7Uk3gOy5dIdtZ4rDveLqhrdJP+Li/Hx6tyK0NEb+2GCyneCMJiGqrADCSNk8sQ==
  dependencies:
    is-number "^7.0.0"

trix@^1.3.1:
  version "1.3.1"
  resolved "https://registry.npmjs.org/trix/-/trix-1.3.1.tgz"
  integrity sha512-BbH6mb6gk+AV4f2as38mP6Ucc1LE3OD6XxkZnAgPIduWXYtvg2mI3cZhIZSLqmMh9OITEpOBCCk88IVmyjU7bA==
